{
  "name": "javascript-example",
  "version": "0.0.0",
  "lockfileVersion": 3,
  "requires": true,
  "packages": {
    "": {
      "name": "javascript-example",
      "version": "0.0.0",
      "dependencies": {
        "steel-frame": "file:../../steel-frame"
      },
      "devDependencies": {
        "typescript": "^5.9.3",
        "vasille-web": "file:../../web",
        "vasille-web-cli": "file:../../web-cli"
      }
    },
    "../../babel-plugin": {
      "name": "babel-plugin-vasille",
      "version": "5.0.0",
      "extraneous": true,
      "license": "MIT",
      "devDependencies": {
        "@babel/parser": "^7.28.0",
        "@babel/plugin-syntax-jsx": "^7.27.1",
        "@babel/plugin-transform-typescript": "^7.28.0",
        "@babel/types": "^7.28.2",
        "@types/babel__core": "^7.20.5",
        "@types/jest": "^30.0.0",
        "@types/jsdom": "^21.1.7",
        "@types/node": "^24.2.1",
        "cross-env": "^10.0.0",
        "jest": "^30.0.5",
        "jsdom": "^26.1.0",
        "path": "^0.12.7",
        "prettier": "^3.6.2",
        "steel-frame": "file:../steel-frame",
        "ts-jest": "^29.4.1",
        "typescript": "^5.9.2",
        "vasille": "file:../core"
      }
    },
    "../../steel-frame": {
      "version": "5.0.1",
      "license": "MIT",
      "dependencies": {
        "csstype": "^3.1.3",
        "vasille": "^5.0.0",
        "vasille-context": "^5.0.0",
        "vasille-css": "^5.0.0",
        "vasille-jsx": "^5.0.0",
        "vasille-router": "^5.0.0",
        "vasille-ssg": "^4.0.0",
        "vasille-web": "^5.0.0"
      },
      "bin": {
        "sf": "lib/run.js"
      },
      "devDependencies": {
        "@types/node": "^24.3.0",
        "@types/web": "^0.0.256",
        "prettier": "^3.6.2",
        "typescript": "^5.8.3"
      }
    },
    "../../web": {
      "name": "vasille-web",
      "version": "5.0.0",
      "dev": true,
      "license": "MIT",
      "dependencies": {
        "csstype": "^3.1.3",
        "vasille": "^5.0.0",
        "vasille-context": "^5.0.0",
        "vasille-css": "^5.0.0",
        "vasille-jsx": "^5.0.0",
        "vasille-router": "^5.0.0"
      },
      "devDependencies": {
        "@types/node": "^24.3.0",
        "@types/web": "^0.0.256",
        "prettier": "^3.6.2",
        "typescript": "^5.8.3"
      }
    },
    "../../web-cli": {
      "name": "vasille-web-cli",
      "version": "5.0.0",
      "dev": true,
      "license": "MIT",
      "dependencies": {
        "@babel/plugin-syntax-jsx": "^7.27.1",
        "@babel/plugin-transform-typescript": "^7.28.0",
        "@inquirer/select": "^4.3.2",
        "babel-plugin-transform-inline-environment-variables": "^0.4.4",
        "babel-plugin-vasille": "^5.0.0",
        "prompt": "^1.3.0",
        "vite": "^7.3.1",
        "vite-plugin-babel": "^1.5.1",
        "vite-plugin-inspect": "^11.3.3",
        "ws": "^8.18.3"
      },
      "bin": {
        "sf": "bin/run.js",
        "web": "bin/run.js"
      },
      "devDependencies": {
        "@types/babel__core": "^7.20.5",
        "@types/node": "^24.3.0",
        "@types/ws": "^8.18.1",
        "prettier": "^3.6.2",
        "typescript": "^5.9.2"
      }
    },
    "node_modules/steel-frame": {
      "resolved": "../../steel-frame",
      "link": true
    },
    "node_modules/typescript": {
      "version": "5.9.3",
      "resolved": "https://registry.npmjs.org/typescript/-/typescript-5.9.3.tgz",
      "integrity": "sha512-jl1vZzPDinLr9eUt3J/t7V6FgNEw9QjvBPdysz9KfQDD41fQrC2Y4vKQdiaUpFT4bXlb1RHhLpp8wtm6M5TgSw==",
      "dev": true,
      "license": "Apache-2.0",
      "bin": {
        "tsc": "bin/tsc",
        "tsserver": "bin/tsserver"
      },
      "engines": {
        "node": ">=14.17"
      }
    },
    "node_modules/vasille-web": {
      "resolved": "../../web",
      "link": true
    },
    "node_modules/vasille-web-cli": {
      "resolved": "../../web-cli",
      "link": true
    }
  }
}
